{
  "version": 4,
  "terraform_version": "1.12.2",
  "serial": 81,
  "lineage": "2fec00e1-f01a-fe8a-5c75-c31a4b840ebd",
  "outputs": {
    "availability_zones": {
      "value": [
        "eu-west-1a",
        "eu-west-1b",
        "eu-west-1c"
      ],
      "type": [
        "list",
        "string"
      ]
    },
    "broker_arn": {
      "value": "arn:aws:mq:eu-west-1:490228638978:broker:dev-mq-broker:b-bc8d6d0e-9444-4321-a817-7461c5dd2c6d",
      "type": "string"
    },
    "broker_console_url": {
      "value": "https://b-bc8d6d0e-9444-4321-a817-7461c5dd2c6d-1.mq.eu-west-1.amazonaws.com:8162",
      "type": "string"
    },
    "broker_endpoints": {
      "value": [
        "ssl://b-bc8d6d0e-9444-4321-a817-7461c5dd2c6d-1.mq.eu-west-1.amazonaws.com:61617",
        "amqp+ssl://b-bc8d6d0e-9444-4321-a817-7461c5dd2c6d-1.mq.eu-west-1.amazonaws.com:5671",
        "stomp+ssl://b-bc8d6d0e-9444-4321-a817-7461c5dd2c6d-1.mq.eu-west-1.amazonaws.com:61614",
        "mqtt+ssl://b-bc8d6d0e-9444-4321-a817-7461c5dd2c6d-1.mq.eu-west-1.amazonaws.com:8883",
        "wss://b-bc8d6d0e-9444-4321-a817-7461c5dd2c6d-1.mq.eu-west-1.amazonaws.com:61619",
        "ssl://b-bc8d6d0e-9444-4321-a817-7461c5dd2c6d-2.mq.eu-west-1.amazonaws.com:61617",
        "amqp+ssl://b-bc8d6d0e-9444-4321-a817-7461c5dd2c6d-2.mq.eu-west-1.amazonaws.com:5671",
        "stomp+ssl://b-bc8d6d0e-9444-4321-a817-7461c5dd2c6d-2.mq.eu-west-1.amazonaws.com:61614",
        "mqtt+ssl://b-bc8d6d0e-9444-4321-a817-7461c5dd2c6d-2.mq.eu-west-1.amazonaws.com:8883",
        "wss://b-bc8d6d0e-9444-4321-a817-7461c5dd2c6d-2.mq.eu-west-1.amazonaws.com:61619"
      ],
      "type": [
        "tuple",
        [
          "string",
          "string",
          "string",
          "string",
          "string",
          "string",
          "string",
          "string",
          "string",
          "string"
        ]
      ]
    },
    "broker_id": {
      "value": "b-bc8d6d0e-9444-4321-a817-7461c5dd2c6d",
      "type": "string"
    },
    "certificate_arn": {
      "value": "arn:aws:acm:eu-west-1:490228638978:certificate/c2e4b0b0-c89a-48e3-b9f4-731533d9a458",
      "type": "string"
    },
    "certificate_type": {
      "value": "self-signed",
      "type": "string"
    },
    "connection_info": {
      "value": {
        "mqtt_port": 8883,
        "nlb_endpoint": "dev-mq-broker-nlb-1de592937cbffc95.elb.eu-west-1.amazonaws.com",
        "openwire_port": 61617,
        "username": "mqadmin"
      },
      "type": [
        "object",
        {
          "mqtt_port": "number",
          "nlb_endpoint": "string",
          "openwire_port": "number",
          "username": "string"
        }
      ]
    },
    "nlb_dns_name": {
      "value": "dev-mq-broker-nlb-1de592937cbffc95.elb.eu-west-1.amazonaws.com",
      "type": "string"
    },
    "self_signed_cert_pem": {
      "value": "-----BEGIN CERTIFICATE-----\nMIIDRDCCAiygAwIBAgIRAOUmmll8drjf+QV5h63POpMwDQYJKoZIhvcNAQELBQAw\nNDEYMBYGA1UEChMPTXkgT3JnYW5pemF0aW9uMRgwFgYDVQQDEw9kZXYtbXEuaW50\nZXJuYWwwHhcNMjYwMjAxMTMxNzA3WhcNMjcwMjAxMTMxNzA3WjA0MRgwFgYDVQQK\nEw9NeSBPcmdhbml6YXRpb24xGDAWBgNVBAMTD2Rldi1tcS5pbnRlcm5hbDCCASIw\nDQYJKoZIhvcNAQEBBQADggEPADCCAQoCggEBAMZFJEpKyEao9Ho/v7qLbZHQdjfa\nRZCBmj7/FQ/xBHY07d7whOoV8M2m3mEH0ycIQH3xK3EFkuhzydIkWK6k7MjewF3R\n8L6fxEwukFrH+E/8A9Xbnpqu7UxT2vGWHQ5n1ObaegBD7Wxexf5RQomKU8R6rYUg\nXo3P7O2RioVQe5zJjpQ+kEkANLuACQfsBUtn+v2zHOkABOzSIMNvX0xsYjDSLe8g\noeraVdbF4jnGdUYUv8e2r1Cmi6C3ZQMXJoaR+L4fMmZxdFTg9Qk7vVJ2IXXIEXY7\ncGJiQlJMtz5Pde8Yr3iPQxdJr892FXauhoc7o4J56dguX8w9hIYcF0zdHesCAwEA\nAaNRME8wDgYDVR0PAQH/BAQDAgWgMBMGA1UdJQQMMAoGCCsGAQUFBwMBMAwGA1Ud\nEwEB/wQCMAAwGgYDVR0RBBMwEYIPZGV2LW1xLmludGVybmFsMA0GCSqGSIb3DQEB\nCwUAA4IBAQBovKU1B3YhvIw7kDy9OMUAH3FCUd+u/J1QDWG0efy5RnsRKvzo0iNJ\nP7cDayNV1y5cSJAHLbls4gxYgy/Rvp09DoqscnG+bZDO097iPw2Ld6/ZLhPOMw0Z\nAgGYk07E56p+4lEWE1eGROygN/g4CkR44TXF6P5jc6PTlcr1tD+JnWYmmES+sAfe\n3zjm++FP3pQ/QCMdWI4FHKGvmsV5kAR/WaPR1+ia3+fkgpbRmtRTKkmMdDvCpF1p\n8KUPGMIGspvEbiFcVr3GXhNwVqv4jGOchT+T/NOM+NfcaEorVNAyTjE1hSQxSsVt\n6bSVppbr5/ghJ9SXYw7Yx18+0rgKywIn\n-----END CERTIFICATE-----\n",
      "type": "string",
      "sensitive": true
    },
    "subnet_ids": {
      "value": [
        "subnet-0e3ef6f230fdff909",
        "subnet-06fcfebb638c2f3ba",
        "subnet-0d8101445938b79d8"
      ],
      "type": [
        "list",
        "string"
      ]
    },
    "vpc_id": {
      "value": "vpc-0575163435eebafe6",
      "type": "string"
    }
  },
  "resources": [
    {
      "module": "module.mq",
      "mode": "data",
      "type": "aws_availability_zones",
      "name": "available",
      "provider": "provider[\"registry.terraform.io/hashicorp/aws\"]",
      "instances": [
        {
          "schema_version": 0,
          "attributes": {
            "all_availability_zones": null,
            "exclude_names": null,
            "exclude_zone_ids": null,
            "filter": [
              {
                "name": "opt-in-status",
                "values": [
                  "opt-in-not-required"
                ]
              }
            ],
            "group_names": [
              "eu-west-1-zg-1"
            ],
            "id": "eu-west-1",
            "names": [
              "eu-west-1a",
              "eu-west-1b",
              "eu-west-1c"
            ],
            "region": "eu-west-1",
            "state": "available",
            "timeouts": null,
            "zone_ids": [
              "euw1-az1",
              "euw1-az2",
              "euw1-az3"
            ]
          },
          "sensitive_attributes": [],
          "identity_schema_version": 0
        }
      ]
    },
    {
      "module": "module.mq",
      "mode": "data",
      "type": "aws_region",
      "name": "current",
      "provider": "provider[\"registry.terraform.io/hashicorp/aws\"]",
      "instances": [
        {
          "schema_version": 0,
          "attributes": {
            "description": "Europe (Ireland)",
            "endpoint": "ec2.eu-west-1.amazonaws.com",
            "id": "eu-west-1",
            "name": "eu-west-1",
            "region": "eu-west-1"
          },
          "sensitive_attributes": [],
          "identity_schema_version": 0
        }
      ]
    },
    {
      "module": "module.mq",
      "mode": "managed",
      "type": "aws_acm_certificate",
      "name": "self_signed",
      "provider": "provider[\"registry.terraform.io/hashicorp/aws\"]",
      "instances": [
        {
          "index_key": 0,
          "schema_version": 0,
          "attributes": {
            "arn": "arn:aws:acm:eu-west-1:490228638978:certificate/c2e4b0b0-c89a-48e3-b9f4-731533d9a458",
            "certificate_authority_arn": "",
            "certificate_body": "-----BEGIN CERTIFICATE-----\nMIIDRDCCAiygAwIBAgIRAOUmmll8drjf+QV5h63POpMwDQYJKoZIhvcNAQELBQAw\nNDEYMBYGA1UEChMPTXkgT3JnYW5pemF0aW9uMRgwFgYDVQQDEw9kZXYtbXEuaW50\nZXJuYWwwHhcNMjYwMjAxMTMxNzA3WhcNMjcwMjAxMTMxNzA3WjA0MRgwFgYDVQQK\nEw9NeSBPcmdhbml6YXRpb24xGDAWBgNVBAMTD2Rldi1tcS5pbnRlcm5hbDCCASIw\nDQYJKoZIhvcNAQEBBQADggEPADCCAQoCggEBAMZFJEpKyEao9Ho/v7qLbZHQdjfa\nRZCBmj7/FQ/xBHY07d7whOoV8M2m3mEH0ycIQH3xK3EFkuhzydIkWK6k7MjewF3R\n8L6fxEwukFrH+E/8A9Xbnpqu7UxT2vGWHQ5n1ObaegBD7Wxexf5RQomKU8R6rYUg\nXo3P7O2RioVQe5zJjpQ+kEkANLuACQfsBUtn+v2zHOkABOzSIMNvX0xsYjDSLe8g\noeraVdbF4jnGdUYUv8e2r1Cmi6C3ZQMXJoaR+L4fMmZxdFTg9Qk7vVJ2IXXIEXY7\ncGJiQlJMtz5Pde8Yr3iPQxdJr892FXauhoc7o4J56dguX8w9hIYcF0zdHesCAwEA\nAaNRME8wDgYDVR0PAQH/BAQDAgWgMBMGA1UdJQQMMAoGCCsGAQUFBwMBMAwGA1Ud\nEwEB/wQCMAAwGgYDVR0RBBMwEYIPZGV2LW1xLmludGVybmFsMA0GCSqGSIb3DQEB\nCwUAA4IBAQBovKU1B3YhvIw7kDy9OMUAH3FCUd+u/J1QDWG0efy5RnsRKvzo0iNJ\nP7cDayNV1y5cSJAHLbls4gxYgy/Rvp09DoqscnG+bZDO097iPw2Ld6/ZLhPOMw0Z\nAgGYk07E56p+4lEWE1eGROygN/g4CkR44TXF6P5jc6PTlcr1tD+JnWYmmES+sAfe\n3zjm++FP3pQ/QCMdWI4FHKGvmsV5kAR/WaPR1+ia3+fkgpbRmtRTKkmMdDvCpF1p\n8KUPGMIGspvEbiFcVr3GXhNwVqv4jGOchT+T/NOM+NfcaEorVNAyTjE1hSQxSsVt\n6bSVppbr5/ghJ9SXYw7Yx18+0rgKywIn\n-----END CERTIFICATE-----\n",
            "certificate_chain": null,
            "domain_name": "dev-mq.internal",
            "domain_validation_options": [],
            "early_renewal_duration": "",
            "id": "arn:aws:acm:eu-west-1:490228638978:certificate/c2e4b0b0-c89a-48e3-b9f4-731533d9a458",
            "key_algorithm": "RSA_2048",
            "not_after": "2027-02-01T13:17:07Z",
            "not_before": "2026-02-01T13:17:07Z",
            "options": [
              {
                "certificate_transparency_logging_preference": "DISABLED",
                "export": "DISABLED"
              }
            ],
            "pending_renewal": false,
            "private_key": "-----BEGIN RSA PRIVATE KEY-----\nMIIEpAIBAAKCAQEAxkUkSkrIRqj0ej+/uottkdB2N9pFkIGaPv8VD/EEdjTt3vCE\n6hXwzabeYQfTJwhAffErcQWS6HPJ0iRYrqTsyN7AXdHwvp/ETC6QWsf4T/wD1due\nmq7tTFPa8ZYdDmfU5tp6AEPtbF7F/lFCiYpTxHqthSBejc/s7ZGKhVB7nMmOlD6Q\nSQA0u4AJB+wFS2f6/bMc6QAE7NIgw29fTGxiMNIt7yCh6tpV1sXiOcZ1RhS/x7av\nUKaLoLdlAxcmhpH4vh8yZnF0VOD1CTu9UnYhdcgRdjtwYmJCUky3Pk917xiveI9D\nF0mvz3YVdq6Ghzujgnnp2C5fzD2EhhwXTN0d6wIDAQABAoIBAC/BLYl7U5u5TBE5\n04sx0/U/+YlgWEsC/EzaEY+iZIm4G+cLlWfwWuydmYhTYydOlIIBGY6CYiz83opv\n2LBP5vxGspymWU8Amj4jJP/IlGVndOEIob3uDhfJRr3TgzIaDiyASMxRkBj/Br9H\ngTgxihWT2sFq13terllWKcAMb4mGkfoOfCKf6SwY214encrdMC9Plr1H2NKizMRt\ntmpCggWUH4975OjjMtvL+8kNQXFsPZ3WsePfDcSZeCmgSM3a0ToXsqqvfAlY0TVe\nCDyWyCEVrtozy95mkyvv4sp2To1i7Cxu6CGvwgn4/fcSpONS+J9RTKVerxw4xqyf\n5596QkECgYEA4rsjcSFtLecKvfA2oIV5ABSgpKoVvtjn2ZplGSSmc2j1Xs+F4Fty\n2BRMNrOcG/wUeENkTQF6XxZ/JMQD8ijK2muiMmX+zSO+dbLSwlexf2B/KCgWpnB1\ny4EnOgPsd2VN5jU5hNIWmblO2IvkEqojp0dC6dYyCzJ1zg+r25eg0AsCgYEA391x\n4m7RpbupFfqx6IDtMgLH/wTUR9JNtBvQkryjh6pstWAxclr4TiTW7gyo+GiLaY6Z\nU10GCQc9aYDU2xm/7r2C+NwRj5TUJ+Mxqt5//LoxFpZqn0GYXWlRfim+2jcOiR2H\nlobZ/UsvdiIJEhYV9XrfGXWET10kpKYcFzH4NaECgYEA33qfi4HsEIObxe3AmmYV\nByxNzyBKwMshdA3Huomyey0oNaSNC8B3qV4QZRaSN883Cfc7JN/hE1qkRcPjM8xb\nbgELZWu9Q8wIjhCNxrsTHD8r9pPVB4bvxH/v/zIg4Op8Zv1tTWqaljjd63mve2oy\nLE6EOOJEf17kWRB/T7nb61MCgYAIZIv1ekQf24Y+TbTHy7WYz2PiGrM+shK5suVB\n6xKSboA+2IliCSkP/O+V4yGeloTLg04aQv2L7xqNTwgr4q5AbBhx7gY2hNTjXfAp\nwMe5mN1oRGFg8RuePOmSOkxub+v6lgHUUd/wUBZKboI6jFtsZZvhn3dDZnGOPrAE\n6pmsoQKBgQC5byjn6swmqjAhP2omQg64ArLvtE/6+OSU74H9PfRqE2HhPSdCat9N\nClarHJWwZrEsZY4IQo35NnU8BnglcvpoMBbKX6WnHVqOxOmalRspV6UvQ27AtWXe\n8qCuT8jovhD26yEXE+MTkWl3+9b3dXQU1N1y9l3hwIWJ0VAtQyFT+Q==\n-----END RSA PRIVATE KEY-----\n",
            "region": "eu-west-1",
            "renewal_eligibility": "INELIGIBLE",
            "renewal_summary": [],
            "status": "ISSUED",
            "subject_alternative_names": [
              "dev-mq.internal"
            ],
            "tags": {
              "Environment": "dev",
              "Name": "dev-mq-broker-cert",
              "Project": "mq-cluster",
              "Type": "self-signed"
            },
            "tags_all": {
              "Environment": "dev",
              "Name": "dev-mq-broker-cert",
              "Project": "mq-cluster",
              "Type": "self-signed"
            },
            "type": "IMPORTED",
            "validation_emails": [],
            "validation_method": "NONE",
            "validation_option": []
          },
          "sensitive_attributes": [
            [
              {
                "type": "get_attr",
                "value": "private_key"
              }
            ]
          ],
          "identity_schema_version": 0,
          "identity": {
            "arn": "arn:aws:acm:eu-west-1:490228638978:certificate/c2e4b0b0-c89a-48e3-b9f4-731533d9a458"
          },
          "private": "bnVsbA==",
          "dependencies": [
            "module.mq.tls_private_key.main",
            "module.mq.tls_self_signed_cert.main"
          ],
          "create_before_destroy": true
        }
      ]
    },
    {
      "module": "module.mq",
      "mode": "managed",
      "type": "aws_lb",
      "name": "main",
      "provider": "provider[\"registry.terraform.io/hashicorp/aws\"]",
      "instances": [
        {
          "index_key": 0,
          "schema_version": 0,
          "attributes": {
            "access_logs": [
              {
                "bucket": "",
                "enabled": false,
                "prefix": ""
              }
            ],
            "arn": "arn:aws:elasticloadbalancing:eu-west-1:490228638978:loadbalancer/net/dev-mq-broker-nlb/1de592937cbffc95",
            "arn_suffix": "net/dev-mq-broker-nlb/1de592937cbffc95",
            "client_keep_alive": null,
            "connection_logs": [],
            "customer_owned_ipv4_pool": "",
            "desync_mitigation_mode": null,
            "dns_name": "dev-mq-broker-nlb-1de592937cbffc95.elb.eu-west-1.amazonaws.com",
            "dns_record_client_routing_policy": "any_availability_zone",
            "drop_invalid_header_fields": null,
            "enable_cross_zone_load_balancing": true,
            "enable_deletion_protection": false,
            "enable_http2": null,
            "enable_tls_version_and_cipher_suite_headers": null,
            "enable_waf_fail_open": null,
            "enable_xff_client_port": null,
            "enable_zonal_shift": false,
            "enforce_security_group_inbound_rules_on_private_link_traffic": "",
            "health_check_logs": [],
            "id": "arn:aws:elasticloadbalancing:eu-west-1:490228638978:loadbalancer/net/dev-mq-broker-nlb/1de592937cbffc95",
            "idle_timeout": null,
            "internal": true,
            "ip_address_type": "ipv4",
            "ipam_pools": [],
            "load_balancer_type": "network",
            "minimum_load_balancer_capacity": [],
            "name": "dev-mq-broker-nlb",
            "name_prefix": "",
            "preserve_host_header": null,
            "region": "eu-west-1",
            "secondary_ips_auto_assigned_per_subnet": 0,
            "security_groups": [],
            "subnet_mapping": [
              {
                "allocation_id": "",
                "ipv6_address": "",
                "outpost_id": "",
                "private_ipv4_address": "",
                "subnet_id": "subnet-06fcfebb638c2f3ba"
              },
              {
                "allocation_id": "",
                "ipv6_address": "",
                "outpost_id": "",
                "private_ipv4_address": "",
                "subnet_id": "subnet-0d8101445938b79d8"
              },
              {
                "allocation_id": "",
                "ipv6_address": "",
                "outpost_id": "",
                "private_ipv4_address": "",
                "subnet_id": "subnet-0e3ef6f230fdff909"
              }
            ],
            "subnets": [
              "subnet-06fcfebb638c2f3ba",
              "subnet-0d8101445938b79d8",
              "subnet-0e3ef6f230fdff909"
            ],
            "tags": {
              "Environment": "dev",
              "Name": "dev-mq-broker-nlb",
              "Project": "mq-cluster"
            },
            "tags_all": {
              "Environment": "dev",
              "Name": "dev-mq-broker-nlb",
              "Project": "mq-cluster"
            },
            "timeouts": null,
            "vpc_id": "vpc-0575163435eebafe6",
            "xff_header_processing_mode": null,
            "zone_id": "Z2IFOLAFXWLO4F"
          },
          "sensitive_attributes": [],
          "identity_schema_version": 0,
          "identity": {
            "arn": "arn:aws:elasticloadbalancing:eu-west-1:490228638978:loadbalancer/net/dev-mq-broker-nlb/1de592937cbffc95"
          },
          "private": "eyJlMmJmYjczMC1lY2FhLTExZTYtOGY4OC0zNDM2M2JjN2M0YzAiOnsiY3JlYXRlIjo2MDAwMDAwMDAwMDAsImRlbGV0ZSI6NjAwMDAwMDAwMDAwLCJ1cGRhdGUiOjYwMDAwMDAwMDAwMH19",
          "dependencies": [
            "module.mq.aws_subnet.main",
            "module.mq.aws_vpc.main",
            "module.mq.data.aws_availability_zones.available",
            "module.mq.data.aws_subnet.provided"
          ]
        }
      ]
    },
    {
      "module": "module.mq",
      "mode": "managed",
      "type": "aws_lb_listener",
      "name": "main",
      "provider": "provider[\"registry.terraform.io/hashicorp/aws\"]",
      "instances": [
        {
          "index_key": "mqtt",
          "schema_version": 0,
          "attributes": {
            "alpn_policy": null,
            "arn": "arn:aws:elasticloadbalancing:eu-west-1:490228638978:listener/net/dev-mq-broker-nlb/1de592937cbffc95/97e169057702ffe3",
            "certificate_arn": "arn:aws:acm:eu-west-1:490228638978:certificate/c2e4b0b0-c89a-48e3-b9f4-731533d9a458",
            "default_action": [
              {
                "authenticate_cognito": [],
                "authenticate_oidc": [],
                "fixed_response": [],
                "forward": [],
                "jwt_validation": [],
                "order": 1,
                "redirect": [],
                "target_group_arn": "arn:aws:elasticloadbalancing:eu-west-1:490228638978:targetgroup/dev-mq-broker-mqtt/72bf89b52e2397f2",
                "type": "forward"
              }
            ],
            "id": "arn:aws:elasticloadbalancing:eu-west-1:490228638978:listener/net/dev-mq-broker-nlb/1de592937cbffc95/97e169057702ffe3",
            "load_balancer_arn": "arn:aws:elasticloadbalancing:eu-west-1:490228638978:loadbalancer/net/dev-mq-broker-nlb/1de592937cbffc95",
            "mutual_authentication": [],
            "port": 8883,
            "protocol": "TLS",
            "region": "eu-west-1",
            "routing_http_request_x_amzn_mtls_clientcert_header_name": null,
            "routing_http_request_x_amzn_mtls_clientcert_issuer_header_name": null,
            "routing_http_request_x_amzn_mtls_clientcert_leaf_header_name": null,
            "routing_http_request_x_amzn_mtls_clientcert_serial_number_header_name": null,
            "routing_http_request_x_amzn_mtls_clientcert_subject_header_name": null,
            "routing_http_request_x_amzn_mtls_clientcert_validity_header_name": null,
            "routing_http_request_x_amzn_tls_cipher_suite_header_name": null,
            "routing_http_request_x_amzn_tls_version_header_name": null,
            "routing_http_response_access_control_allow_credentials_header_value": null,
            "routing_http_response_access_control_allow_headers_header_value": null,
            "routing_http_response_access_control_allow_methods_header_value": null,
            "routing_http_response_access_control_allow_origin_header_value": null,
            "routing_http_response_access_control_expose_headers_header_value": null,
            "routing_http_response_access_control_max_age_header_value": null,
            "routing_http_response_content_security_policy_header_value": null,
            "routing_http_response_server_enabled": null,
            "routing_http_response_strict_transport_security_header_value": null,
            "routing_http_response_x_content_type_options_header_value": null,
            "routing_http_response_x_frame_options_header_value": null,
            "ssl_policy": "ELBSecurityPolicy-TLS13-1-2-2021-06",
            "tags": null,
            "tags_all": {},
            "tcp_idle_timeout_seconds": null,
            "timeouts": null
          },
          "sensitive_attributes": [],
          "identity_schema_version": 0,
          "identity": {
            "arn": "arn:aws:elasticloadbalancing:eu-west-1:490228638978:listener/net/dev-mq-broker-nlb/1de592937cbffc95/97e169057702ffe3"
          },
          "private": "eyJlMmJmYjczMC1lY2FhLTExZTYtOGY4OC0zNDM2M2JjN2M0YzAiOnsiY3JlYXRlIjozMDAwMDAwMDAwMDAsInVwZGF0ZSI6MzAwMDAwMDAwMDAwfX0=",
          "dependencies": [
            "module.mq.aws_acm_certificate.acm_issued",
            "module.mq.aws_acm_certificate.self_signed",
            "module.mq.aws_acm_certificate_validation.main",
            "module.mq.aws_lb.main",
            "module.mq.aws_lb_target_group.main",
            "module.mq.aws_route53_record.cert_validation",
            "module.mq.aws_subnet.main",
            "module.mq.aws_vpc.main",
            "module.mq.data.aws_availability_zones.available",
            "module.mq.data.aws_subnet.provided",
            "module.mq.tls_private_key.main",
            "module.mq.tls_self_signed_cert.main"
          ]
        },
        {
          "index_key": "openwire",
          "schema_version": 0,
          "attributes": {
            "alpn_policy": null,
            "arn": "arn:aws:elasticloadbalancing:eu-west-1:490228638978:listener/net/dev-mq-broker-nlb/1de592937cbffc95/28b2d50d9792aeb1",
            "certificate_arn": "arn:aws:acm:eu-west-1:490228638978:certificate/c2e4b0b0-c89a-48e3-b9f4-731533d9a458",
            "default_action": [
              {
                "authenticate_cognito": [],
                "authenticate_oidc": [],
                "fixed_response": [],
                "forward": [],
                "jwt_validation": [],
                "order": 1,
                "redirect": [],
                "target_group_arn": "arn:aws:elasticloadbalancing:eu-west-1:490228638978:targetgroup/dev-mq-broker-openwire/7e03495ca808d7d2",
                "type": "forward"
              }
            ],
            "id": "arn:aws:elasticloadbalancing:eu-west-1:490228638978:listener/net/dev-mq-broker-nlb/1de592937cbffc95/28b2d50d9792aeb1",
            "load_balancer_arn": "arn:aws:elasticloadbalancing:eu-west-1:490228638978:loadbalancer/net/dev-mq-broker-nlb/1de592937cbffc95",
            "mutual_authentication": [],
            "port": 61617,
            "protocol": "TLS",
            "region": "eu-west-1",
            "routing_http_request_x_amzn_mtls_clientcert_header_name": null,
            "routing_http_request_x_amzn_mtls_clientcert_issuer_header_name": null,
            "routing_http_request_x_amzn_mtls_clientcert_leaf_header_name": null,
            "routing_http_request_x_amzn_mtls_clientcert_serial_number_header_name": null,
            "routing_http_request_x_amzn_mtls_clientcert_subject_header_name": null,
            "routing_http_request_x_amzn_mtls_clientcert_validity_header_name": null,
            "routing_http_request_x_amzn_tls_cipher_suite_header_name": null,
            "routing_http_request_x_amzn_tls_version_header_name": null,
            "routing_http_response_access_control_allow_credentials_header_value": null,
            "routing_http_response_access_control_allow_headers_header_value": null,
            "routing_http_response_access_control_allow_methods_header_value": null,
            "routing_http_response_access_control_allow_origin_header_value": null,
            "routing_http_response_access_control_expose_headers_header_value": null,
            "routing_http_response_access_control_max_age_header_value": null,
            "routing_http_response_content_security_policy_header_value": null,
            "routing_http_response_server_enabled": null,
            "routing_http_response_strict_transport_security_header_value": null,
            "routing_http_response_x_content_type_options_header_value": null,
            "routing_http_response_x_frame_options_header_value": null,
            "ssl_policy": "ELBSecurityPolicy-TLS13-1-2-2021-06",
            "tags": null,
            "tags_all": {},
            "tcp_idle_timeout_seconds": null,
            "timeouts": null
          },
          "sensitive_attributes": [],
          "identity_schema_version": 0,
          "identity": {
            "arn": "arn:aws:elasticloadbalancing:eu-west-1:490228638978:listener/net/dev-mq-broker-nlb/1de592937cbffc95/28b2d50d9792aeb1"
          },
          "private": "eyJlMmJmYjczMC1lY2FhLTExZTYtOGY4OC0zNDM2M2JjN2M0YzAiOnsiY3JlYXRlIjozMDAwMDAwMDAwMDAsInVwZGF0ZSI6MzAwMDAwMDAwMDAwfX0=",
          "dependencies": [
            "module.mq.aws_acm_certificate.acm_issued",
            "module.mq.aws_acm_certificate.self_signed",
            "module.mq.aws_acm_certificate_validation.main",
            "module.mq.aws_lb.main",
            "module.mq.aws_lb_target_group.main",
            "module.mq.aws_route53_record.cert_validation",
            "module.mq.aws_subnet.main",
            "module.mq.aws_vpc.main",
            "module.mq.data.aws_availability_zones.available",
            "module.mq.data.aws_subnet.provided",
            "module.mq.tls_private_key.main",
            "module.mq.tls_self_signed_cert.main"
          ]
        }
      ]
    },
    {
      "module": "module.mq",
      "mode": "managed",
      "type": "aws_lb_target_group",
      "name": "main",
      "provider": "provider[\"registry.terraform.io/hashicorp/aws\"]",
      "instances": [
        {
          "index_key": "mqtt",
          "schema_version": 0,
          "attributes": {
            "arn": "arn:aws:elasticloadbalancing:eu-west-1:490228638978:targetgroup/dev-mq-broker-mqtt/72bf89b52e2397f2",
            "arn_suffix": "targetgroup/dev-mq-broker-mqtt/72bf89b52e2397f2",
            "connection_termination": false,
            "deregistration_delay": "300",
            "health_check": [
              {
                "enabled": true,
                "healthy_threshold": 3,
                "interval": 30,
                "matcher": "",
                "path": "",
                "port": "8883",
                "protocol": "TCP",
                "timeout": 10,
                "unhealthy_threshold": 3
              }
            ],
            "id": "arn:aws:elasticloadbalancing:eu-west-1:490228638978:targetgroup/dev-mq-broker-mqtt/72bf89b52e2397f2",
            "ip_address_type": "ipv4",
            "lambda_multi_value_headers_enabled": false,
            "load_balancer_arns": [],
            "load_balancing_algorithm_type": null,
            "load_balancing_anomaly_mitigation": null,
            "load_balancing_cross_zone_enabled": "use_load_balancer_configuration",
            "name": "dev-mq-broker-mqtt",
            "name_prefix": "",
            "port": 8883,
            "preserve_client_ip": "false",
            "protocol": "TCP",
            "protocol_version": null,
            "proxy_protocol_v2": false,
            "region": "eu-west-1",
            "slow_start": 0,
            "stickiness": [
              {
                "cookie_duration": 0,
                "cookie_name": "",
                "enabled": false,
                "type": "source_ip"
              }
            ],
            "tags": {
              "Environment": "dev",
              "Name": "dev-mq-broker-mqtt",
              "Project": "mq-cluster"
            },
            "tags_all": {
              "Environment": "dev",
              "Name": "dev-mq-broker-mqtt",
              "Project": "mq-cluster"
            },
            "target_control_port": 0,
            "target_failover": [
              {
                "on_deregistration": null,
                "on_unhealthy": null
              }
            ],
            "target_group_health": [
              {
                "dns_failover": [
                  {
                    "minimum_healthy_targets_count": "1",
                    "minimum_healthy_targets_percentage": "off"
                  }
                ],
                "unhealthy_state_routing": [
                  {
                    "minimum_healthy_targets_count": 1,
                    "minimum_healthy_targets_percentage": "off"
                  }
                ]
              }
            ],
            "target_health_state": [
              {
                "enable_unhealthy_connection_termination": true,
                "unhealthy_draining_interval": 0
              }
            ],
            "target_type": "ip",
            "vpc_id": "vpc-0575163435eebafe6"
          },
          "sensitive_attributes": [],
          "identity_schema_version": 0,
          "identity": {
            "arn": "arn:aws:elasticloadbalancing:eu-west-1:490228638978:targetgroup/dev-mq-broker-mqtt/72bf89b52e2397f2"
          },
          "private": "bnVsbA==",
          "dependencies": [
            "module.mq.aws_vpc.main",
            "module.mq.data.aws_subnet.provided"
          ]
        },
        {
          "index_key": "openwire",
          "schema_version": 0,
          "attributes": {
            "arn": "arn:aws:elasticloadbalancing:eu-west-1:490228638978:targetgroup/dev-mq-broker-openwire/7e03495ca808d7d2",
            "arn_suffix": "targetgroup/dev-mq-broker-openwire/7e03495ca808d7d2",
            "connection_termination": false,
            "deregistration_delay": "300",
            "health_check": [
              {
                "enabled": true,
                "healthy_threshold": 3,
                "interval": 30,
                "matcher": "",
                "path": "",
                "port": "61617",
                "protocol": "TCP",
                "timeout": 10,
                "unhealthy_threshold": 3
              }
            ],
            "id": "arn:aws:elasticloadbalancing:eu-west-1:490228638978:targetgroup/dev-mq-broker-openwire/7e03495ca808d7d2",
            "ip_address_type": "ipv4",
            "lambda_multi_value_headers_enabled": false,
            "load_balancer_arns": [],
            "load_balancing_algorithm_type": null,
            "load_balancing_anomaly_mitigation": null,
            "load_balancing_cross_zone_enabled": "use_load_balancer_configuration",
            "name": "dev-mq-broker-openwire",
            "name_prefix": "",
            "port": 61617,
            "preserve_client_ip": "false",
            "protocol": "TCP",
            "protocol_version": null,
            "proxy_protocol_v2": false,
            "region": "eu-west-1",
            "slow_start": 0,
            "stickiness": [
              {
                "cookie_duration": 0,
                "cookie_name": "",
                "enabled": false,
                "type": "source_ip"
              }
            ],
            "tags": {
              "Environment": "dev",
              "Name": "dev-mq-broker-openwire",
              "Project": "mq-cluster"
            },
            "tags_all": {
              "Environment": "dev",
              "Name": "dev-mq-broker-openwire",
              "Project": "mq-cluster"
            },
            "target_control_port": 0,
            "target_failover": [
              {
                "on_deregistration": null,
                "on_unhealthy": null
              }
            ],
            "target_group_health": [
              {
                "dns_failover": [
                  {
                    "minimum_healthy_targets_count": "1",
                    "minimum_healthy_targets_percentage": "off"
                  }
                ],
                "unhealthy_state_routing": [
                  {
                    "minimum_healthy_targets_count": 1,
                    "minimum_healthy_targets_percentage": "off"
                  }
                ]
              }
            ],
            "target_health_state": [
              {
                "enable_unhealthy_connection_termination": true,
                "unhealthy_draining_interval": 0
              }
            ],
            "target_type": "ip",
            "vpc_id": "vpc-0575163435eebafe6"
          },
          "sensitive_attributes": [],
          "identity_schema_version": 0,
          "identity": {
            "arn": "arn:aws:elasticloadbalancing:eu-west-1:490228638978:targetgroup/dev-mq-broker-openwire/7e03495ca808d7d2"
          },
          "private": "bnVsbA==",
          "dependencies": [
            "module.mq.aws_vpc.main",
            "module.mq.data.aws_subnet.provided"
          ]
        }
      ]
    },
    {
      "module": "module.mq",
      "mode": "managed",
      "type": "aws_lb_target_group_attachment",
      "name": "instance_0",
      "provider": "provider[\"registry.terraform.io/hashicorp/aws\"]",
      "instances": [
        {
          "index_key": "mqtt",
          "schema_version": 0,
          "attributes": {
            "availability_zone": null,
            "id": "arn:aws:elasticloadbalancing:eu-west-1:490228638978:targetgroup/dev-mq-broker-mqtt/72bf89b52e2397f2-20260201132705120300000004",
            "port": 8883,
            "quic_server_id": null,
            "region": "eu-west-1",
            "target_group_arn": "arn:aws:elasticloadbalancing:eu-west-1:490228638978:targetgroup/dev-mq-broker-mqtt/72bf89b52e2397f2",
            "target_id": "10.0.1.179"
          },
          "sensitive_attributes": [],
          "identity_schema_version": 0,
          "private": "bnVsbA==",
          "dependencies": [
            "module.mq.aws_lb_target_group.main",
            "module.mq.aws_mq_broker.main",
            "module.mq.aws_security_group.main",
            "module.mq.aws_subnet.main",
            "module.mq.aws_vpc.main",
            "module.mq.data.aws_availability_zones.available",
            "module.mq.data.aws_subnet.provided"
          ]
        },
        {
          "index_key": "openwire",
          "schema_version": 0,
          "attributes": {
            "availability_zone": null,
            "id": "arn:aws:elasticloadbalancing:eu-west-1:490228638978:targetgroup/dev-mq-broker-openwire/7e03495ca808d7d2-20260201132705247000000005",
            "port": 61617,
            "quic_server_id": null,
            "region": "eu-west-1",
            "target_group_arn": "arn:aws:elasticloadbalancing:eu-west-1:490228638978:targetgroup/dev-mq-broker-openwire/7e03495ca808d7d2",
            "target_id": "10.0.1.179"
          },
          "sensitive_attributes": [],
          "identity_schema_version": 0,
          "private": "bnVsbA==",
          "dependencies": [
            "module.mq.aws_lb_target_group.main",
            "module.mq.aws_mq_broker.main",
            "module.mq.aws_security_group.main",
            "module.mq.aws_subnet.main",
            "module.mq.aws_vpc.main",
            "module.mq.data.aws_availability_zones.available",
            "module.mq.data.aws_subnet.provided"
          ]
        }
      ]
    },
    {
      "module": "module.mq",
      "mode": "managed",
      "type": "aws_lb_target_group_attachment",
      "name": "instance_1",
      "provider": "provider[\"registry.terraform.io/hashicorp/aws\"]",
      "instances": [
        {
          "index_key": "mqtt",
          "schema_version": 0,
          "attributes": {
            "availability_zone": null,
            "id": "arn:aws:elasticloadbalancing:eu-west-1:490228638978:targetgroup/dev-mq-broker-mqtt/72bf89b52e2397f2-20260201132705113900000002",
            "port": 8883,
            "quic_server_id": null,
            "region": "eu-west-1",
            "target_group_arn": "arn:aws:elasticloadbalancing:eu-west-1:490228638978:targetgroup/dev-mq-broker-mqtt/72bf89b52e2397f2",
            "target_id": "10.0.0.233"
          },
          "sensitive_attributes": [],
          "identity_schema_version": 0,
          "private": "bnVsbA==",
          "dependencies": [
            "module.mq.aws_lb_target_group.main",
            "module.mq.aws_mq_broker.main",
            "module.mq.aws_security_group.main",
            "module.mq.aws_subnet.main",
            "module.mq.aws_vpc.main",
            "module.mq.data.aws_availability_zones.available",
            "module.mq.data.aws_subnet.provided"
          ]
        },
        {
          "index_key": "openwire",
          "schema_version": 0,
          "attributes": {
            "availability_zone": null,
            "id": "arn:aws:elasticloadbalancing:eu-west-1:490228638978:targetgroup/dev-mq-broker-openwire/7e03495ca808d7d2-20260201132705113900000003",
            "port": 61617,
            "quic_server_id": null,
            "region": "eu-west-1",
            "target_group_arn": "arn:aws:elasticloadbalancing:eu-west-1:490228638978:targetgroup/dev-mq-broker-openwire/7e03495ca808d7d2",
            "target_id": "10.0.0.233"
          },
          "sensitive_attributes": [],
          "identity_schema_version": 0,
          "private": "bnVsbA==",
          "dependencies": [
            "module.mq.aws_lb_target_group.main",
            "module.mq.aws_mq_broker.main",
            "module.mq.aws_security_group.main",
            "module.mq.aws_subnet.main",
            "module.mq.aws_vpc.main",
            "module.mq.data.aws_availability_zones.available",
            "module.mq.data.aws_subnet.provided"
          ]
        }
      ]
    },
    {
      "module": "module.mq",
      "mode": "managed",
      "type": "aws_mq_broker",
      "name": "main",
      "provider": "provider[\"registry.terraform.io/hashicorp/aws\"]",
      "instances": [
        {
          "schema_version": 0,
          "attributes": {
            "apply_immediately": false,
            "arn": "arn:aws:mq:eu-west-1:490228638978:broker:dev-mq-broker:b-bc8d6d0e-9444-4321-a817-7461c5dd2c6d",
            "authentication_strategy": "simple",
            "auto_minor_version_upgrade": true,
            "broker_name": "dev-mq-broker",
            "configuration": [
              {
                "id": "c-47615b96-549d-4eff-a189-2566175bfb63",
                "revision": 1
              }
            ],
            "data_replication_mode": "",
            "data_replication_primary_broker_arn": null,
            "deployment_mode": "ACTIVE_STANDBY_MULTI_AZ",
            "encryption_options": [
              {
                "kms_key_id": "",
                "use_aws_owned_key": true
              }
            ],
            "engine_type": "ActiveMQ",
            "engine_version": "5.18",
            "host_instance_type": "mq.m5.large",
            "id": "b-bc8d6d0e-9444-4321-a817-7461c5dd2c6d",
            "instances": [
              {
                "console_url": "https://b-bc8d6d0e-9444-4321-a817-7461c5dd2c6d-1.mq.eu-west-1.amazonaws.com:8162",
                "endpoints": [
                  "ssl://b-bc8d6d0e-9444-4321-a817-7461c5dd2c6d-1.mq.eu-west-1.amazonaws.com:61617",
                  "amqp+ssl://b-bc8d6d0e-9444-4321-a817-7461c5dd2c6d-1.mq.eu-west-1.amazonaws.com:5671",
                  "stomp+ssl://b-bc8d6d0e-9444-4321-a817-7461c5dd2c6d-1.mq.eu-west-1.amazonaws.com:61614",
                  "mqtt+ssl://b-bc8d6d0e-9444-4321-a817-7461c5dd2c6d-1.mq.eu-west-1.amazonaws.com:8883",
                  "wss://b-bc8d6d0e-9444-4321-a817-7461c5dd2c6d-1.mq.eu-west-1.amazonaws.com:61619"
                ],
                "ip_address": "10.0.1.179"
              },
              {
                "console_url": "https://b-bc8d6d0e-9444-4321-a817-7461c5dd2c6d-2.mq.eu-west-1.amazonaws.com:8162",
                "endpoints": [
                  "ssl://b-bc8d6d0e-9444-4321-a817-7461c5dd2c6d-2.mq.eu-west-1.amazonaws.com:61617",
                  "amqp+ssl://b-bc8d6d0e-9444-4321-a817-7461c5dd2c6d-2.mq.eu-west-1.amazonaws.com:5671",
                  "stomp+ssl://b-bc8d6d0e-9444-4321-a817-7461c5dd2c6d-2.mq.eu-west-1.amazonaws.com:61614",
                  "mqtt+ssl://b-bc8d6d0e-9444-4321-a817-7461c5dd2c6d-2.mq.eu-west-1.amazonaws.com:8883",
                  "wss://b-bc8d6d0e-9444-4321-a817-7461c5dd2c6d-2.mq.eu-west-1.amazonaws.com:61619"
                ],
                "ip_address": "10.0.0.233"
              }
            ],
            "ldap_server_metadata": [],
            "logs": [
              {
                "audit": "true",
                "general": true
              }
            ],
            "maintenance_window_start_time": [
              {
                "day_of_week": "SUNDAY",
                "time_of_day": "03:00",
                "time_zone": "UTC"
              }
            ],
            "pending_data_replication_mode": "",
            "publicly_accessible": false,
            "region": "eu-west-1",
            "security_groups": [
              "sg-08e02ec0f91932603"
            ],
            "storage_type": "efs",
            "subnet_ids": [
              "subnet-06fcfebb638c2f3ba",
              "subnet-0e3ef6f230fdff909"
            ],
            "tags": {
              "Environment": "dev",
              "Name": "dev-mq-broker",
              "Project": "mq-cluster"
            },
            "tags_all": {
              "Environment": "dev",
              "Name": "dev-mq-broker",
              "Project": "mq-cluster"
            },
            "timeouts": null,
            "user": [
              {
                "console_access": false,
                "groups": [],
                "password": "YourSecurePassword123!",
                "replication_user": false,
                "username": "mqadmin"
              }
            ]
          },
          "sensitive_attributes": [
            [
              {
                "type": "get_attr",
                "value": "user"
              }
            ]
          ],
          "identity_schema_version": 0,
          "private": "eyJlMmJmYjczMC1lY2FhLTExZTYtOGY4OC0zNDM2M2JjN2M0YzAiOnsiY3JlYXRlIjoxODAwMDAwMDAwMDAwLCJkZWxldGUiOjE4MDAwMDAwMDAwMDAsInVwZGF0ZSI6MTgwMDAwMDAwMDAwMH19",
          "dependencies": [
            "module.mq.aws_security_group.main",
            "module.mq.aws_subnet.main",
            "module.mq.aws_vpc.main",
            "module.mq.data.aws_availability_zones.available",
            "module.mq.data.aws_subnet.provided"
          ]
        }
      ]
    },
    {
      "module": "module.mq",
      "mode": "managed",
      "type": "aws_security_group",
      "name": "main",
      "provider": "provider[\"registry.terraform.io/hashicorp/aws\"]",
      "instances": [
        {
          "index_key": 0,
          "schema_version": 1,
          "attributes": {
            "arn": "arn:aws:ec2:eu-west-1:490228638978:security-group/sg-08e02ec0f91932603",
            "description": "Security group for dev-mq-broker MQ broker",
            "egress": [
              {
                "cidr_blocks": [
                  "0.0.0.0/0"
                ],
                "description": "Allow all outbound",
                "from_port": 0,
                "ipv6_cidr_blocks": [],
                "prefix_list_ids": [],
                "protocol": "-1",
                "security_groups": [],
                "self": false,
                "to_port": 0
              }
            ],
            "id": "sg-08e02ec0f91932603",
            "ingress": [
              {
                "cidr_blocks": [
                  "10.0.0.0/16"
                ],
                "description": "AMQP",
                "from_port": 5671,
                "ipv6_cidr_blocks": [],
                "prefix_list_ids": [],
                "protocol": "tcp",
                "security_groups": [],
                "self": false,
                "to_port": 5671
              },
              {
                "cidr_blocks": [
                  "10.0.0.0/16"
                ],
                "description": "MQTT",
                "from_port": 8883,
                "ipv6_cidr_blocks": [],
                "prefix_list_ids": [],
                "protocol": "tcp",
                "security_groups": [],
                "self": false,
                "to_port": 8883
              },
              {
                "cidr_blocks": [
                  "10.0.0.0/16"
                ],
                "description": "OpenWire",
                "from_port": 61617,
                "ipv6_cidr_blocks": [],
                "prefix_list_ids": [],
                "protocol": "tcp",
                "security_groups": [],
                "self": false,
                "to_port": 61617
              },
              {
                "cidr_blocks": [
                  "10.0.0.0/16"
                ],
                "description": "STOMP",
                "from_port": 61614,
                "ipv6_cidr_blocks": [],
                "prefix_list_ids": [],
                "protocol": "tcp",
                "security_groups": [],
                "self": false,
                "to_port": 61614
              },
              {
                "cidr_blocks": [
                  "10.0.0.0/16"
                ],
                "description": "Web Console",
                "from_port": 8162,
                "ipv6_cidr_blocks": [],
                "prefix_list_ids": [],
                "protocol": "tcp",
                "security_groups": [],
                "self": false,
                "to_port": 8162
              }
            ],
            "name": "dev-mq-broker-sg",
            "name_prefix": "",
            "owner_id": "490228638978",
            "region": "eu-west-1",
            "revoke_rules_on_delete": false,
            "tags": {
              "Environment": "dev",
              "Name": "dev-mq-broker-sg",
              "Project": "mq-cluster"
            },
            "tags_all": {
              "Environment": "dev",
              "Name": "dev-mq-broker-sg",
              "Project": "mq-cluster"
            },
            "timeouts": null,
            "vpc_id": "vpc-0575163435eebafe6"
          },
          "sensitive_attributes": [],
          "identity_schema_version": 0,
          "identity": {
            "account_id": "490228638978",
            "id": "sg-08e02ec0f91932603",
            "region": "eu-west-1"
          },
          "private": "eyJlMmJmYjczMC1lY2FhLTExZTYtOGY4OC0zNDM2M2JjN2M0YzAiOnsiY3JlYXRlIjo2MDAwMDAwMDAwMDAsImRlbGV0ZSI6OTAwMDAwMDAwMDAwfSwic2NoZW1hX3ZlcnNpb24iOiIxIn0=",
          "dependencies": [
            "module.mq.aws_vpc.main",
            "module.mq.data.aws_subnet.provided"
          ]
        }
      ]
    },
    {
      "module": "module.mq",
      "mode": "managed",
      "type": "aws_subnet",
      "name": "main",
      "provider": "provider[\"registry.terraform.io/hashicorp/aws\"]",
      "instances": [
        {
          "index_key": 0,
          "schema_version": 1,
          "attributes": {
            "arn": "arn:aws:ec2:eu-west-1:490228638978:subnet/subnet-0e3ef6f230fdff909",
            "assign_ipv6_address_on_creation": false,
            "availability_zone": "eu-west-1a",
            "availability_zone_id": "euw1-az1",
            "cidr_block": "10.0.0.0/24",
            "customer_owned_ipv4_pool": "",
            "enable_dns64": false,
            "enable_lni_at_device_index": 0,
            "enable_resource_name_dns_a_record_on_launch": false,
            "enable_resource_name_dns_aaaa_record_on_launch": false,
            "id": "subnet-0e3ef6f230fdff909",
            "ipv4_ipam_pool_id": null,
            "ipv4_netmask_length": null,
            "ipv6_cidr_block": "",
            "ipv6_cidr_block_association_id": "",
            "ipv6_ipam_pool_id": null,
            "ipv6_native": false,
            "ipv6_netmask_length": null,
            "map_customer_owned_ip_on_launch": false,
            "map_public_ip_on_launch": false,
            "outpost_arn": "",
            "owner_id": "490228638978",
            "private_dns_hostname_type_on_launch": "ip-name",
            "region": "eu-west-1",
            "tags": {
              "Environment": "dev",
              "Name": "dev-mq-broker-subnet-eu-west-1a",
              "Project": "mq-cluster"
            },
            "tags_all": {
              "Environment": "dev",
              "Name": "dev-mq-broker-subnet-eu-west-1a",
              "Project": "mq-cluster"
            },
            "timeouts": null,
            "vpc_id": "vpc-0575163435eebafe6"
          },
          "sensitive_attributes": [],
          "identity_schema_version": 0,
          "identity": {
            "account_id": "490228638978",
            "id": "subnet-0e3ef6f230fdff909",
            "region": "eu-west-1"
          },
          "private": "eyJlMmJmYjczMC1lY2FhLTExZTYtOGY4OC0zNDM2M2JjN2M0YzAiOnsiY3JlYXRlIjo2MDAwMDAwMDAwMDAsImRlbGV0ZSI6MTIwMDAwMDAwMDAwMH0sInNjaGVtYV92ZXJzaW9uIjoiMSJ9",
          "dependencies": [
            "module.mq.aws_vpc.main",
            "module.mq.data.aws_availability_zones.available",
            "module.mq.data.aws_subnet.provided"
          ]
        },
        {
          "index_key": 1,
          "schema_version": 1,
          "attributes": {
            "arn": "arn:aws:ec2:eu-west-1:490228638978:subnet/subnet-06fcfebb638c2f3ba",
            "assign_ipv6_address_on_creation": false,
            "availability_zone": "eu-west-1b",
            "availability_zone_id": "euw1-az2",
            "cidr_block": "10.0.1.0/24",
            "customer_owned_ipv4_pool": "",
            "enable_dns64": false,
            "enable_lni_at_device_index": 0,
            "enable_resource_name_dns_a_record_on_launch": false,
            "enable_resource_name_dns_aaaa_record_on_launch": false,
            "id": "subnet-06fcfebb638c2f3ba",
            "ipv4_ipam_pool_id": null,
            "ipv4_netmask_length": null,
            "ipv6_cidr_block": "",
            "ipv6_cidr_block_association_id": "",
            "ipv6_ipam_pool_id": null,
            "ipv6_native": false,
            "ipv6_netmask_length": null,
            "map_customer_owned_ip_on_launch": false,
            "map_public_ip_on_launch": false,
            "outpost_arn": "",
            "owner_id": "490228638978",
            "private_dns_hostname_type_on_launch": "ip-name",
            "region": "eu-west-1",
            "tags": {
              "Environment": "dev",
              "Name": "dev-mq-broker-subnet-eu-west-1b",
              "Project": "mq-cluster"
            },
            "tags_all": {
              "Environment": "dev",
              "Name": "dev-mq-broker-subnet-eu-west-1b",
              "Project": "mq-cluster"
            },
            "timeouts": null,
            "vpc_id": "vpc-0575163435eebafe6"
          },
          "sensitive_attributes": [],
          "identity_schema_version": 0,
          "identity": {
            "account_id": "490228638978",
            "id": "subnet-06fcfebb638c2f3ba",
            "region": "eu-west-1"
          },
          "private": "eyJlMmJmYjczMC1lY2FhLTExZTYtOGY4OC0zNDM2M2JjN2M0YzAiOnsiY3JlYXRlIjo2MDAwMDAwMDAwMDAsImRlbGV0ZSI6MTIwMDAwMDAwMDAwMH0sInNjaGVtYV92ZXJzaW9uIjoiMSJ9",
          "dependencies": [
            "module.mq.aws_vpc.main",
            "module.mq.data.aws_availability_zones.available",
            "module.mq.data.aws_subnet.provided"
          ]
        },
        {
          "index_key": 2,
          "schema_version": 1,
          "attributes": {
            "arn": "arn:aws:ec2:eu-west-1:490228638978:subnet/subnet-0d8101445938b79d8",
            "assign_ipv6_address_on_creation": false,
            "availability_zone": "eu-west-1c",
            "availability_zone_id": "euw1-az3",
            "cidr_block": "10.0.2.0/24",
            "customer_owned_ipv4_pool": "",
            "enable_dns64": false,
            "enable_lni_at_device_index": 0,
            "enable_resource_name_dns_a_record_on_launch": false,
            "enable_resource_name_dns_aaaa_record_on_launch": false,
            "id": "subnet-0d8101445938b79d8",
            "ipv4_ipam_pool_id": null,
            "ipv4_netmask_length": null,
            "ipv6_cidr_block": "",
            "ipv6_cidr_block_association_id": "",
            "ipv6_ipam_pool_id": null,
            "ipv6_native": false,
            "ipv6_netmask_length": null,
            "map_customer_owned_ip_on_launch": false,
            "map_public_ip_on_launch": false,
            "outpost_arn": "",
            "owner_id": "490228638978",
            "private_dns_hostname_type_on_launch": "ip-name",
            "region": "eu-west-1",
            "tags": {
              "Environment": "dev",
              "Name": "dev-mq-broker-subnet-eu-west-1c",
              "Project": "mq-cluster"
            },
            "tags_all": {
              "Environment": "dev",
              "Name": "dev-mq-broker-subnet-eu-west-1c",
              "Project": "mq-cluster"
            },
            "timeouts": null,
            "vpc_id": "vpc-0575163435eebafe6"
          },
          "sensitive_attributes": [],
          "identity_schema_version": 0,
          "identity": {
            "account_id": "490228638978",
            "id": "subnet-0d8101445938b79d8",
            "region": "eu-west-1"
          },
          "private": "eyJlMmJmYjczMC1lY2FhLTExZTYtOGY4OC0zNDM2M2JjN2M0YzAiOnsiY3JlYXRlIjo2MDAwMDAwMDAwMDAsImRlbGV0ZSI6MTIwMDAwMDAwMDAwMH0sInNjaGVtYV92ZXJzaW9uIjoiMSJ9",
          "dependencies": [
            "module.mq.aws_vpc.main",
            "module.mq.data.aws_availability_zones.available",
            "module.mq.data.aws_subnet.provided"
          ]
        }
      ]
    },
    {
      "module": "module.mq",
      "mode": "managed",
      "type": "aws_vpc",
      "name": "main",
      "provider": "provider[\"registry.terraform.io/hashicorp/aws\"]",
      "instances": [
        {
          "index_key": 0,
          "schema_version": 1,
          "attributes": {
            "arn": "arn:aws:ec2:eu-west-1:490228638978:vpc/vpc-0575163435eebafe6",
            "assign_generated_ipv6_cidr_block": false,
            "cidr_block": "10.0.0.0/16",
            "default_network_acl_id": "acl-02f89b7b82064d449",
            "default_route_table_id": "rtb-0e9259e0a486bcb15",
            "default_security_group_id": "sg-07ada5dc61ffac184",
            "dhcp_options_id": "dopt-0d4cd3add2e5b43bb",
            "enable_dns_hostnames": true,
            "enable_dns_support": true,
            "enable_network_address_usage_metrics": false,
            "id": "vpc-0575163435eebafe6",
            "instance_tenancy": "default",
            "ipv4_ipam_pool_id": null,
            "ipv4_netmask_length": null,
            "ipv6_association_id": "",
            "ipv6_cidr_block": "",
            "ipv6_cidr_block_network_border_group": "",
            "ipv6_ipam_pool_id": "",
            "ipv6_netmask_length": 0,
            "main_route_table_id": "rtb-0e9259e0a486bcb15",
            "owner_id": "490228638978",
            "region": "eu-west-1",
            "tags": {
              "Environment": "dev",
              "Name": "dev-mq-broker-vpc",
              "Project": "mq-cluster"
            },
            "tags_all": {
              "Environment": "dev",
              "Name": "dev-mq-broker-vpc",
              "Project": "mq-cluster"
            }
          },
          "sensitive_attributes": [],
          "identity_schema_version": 0,
          "identity": {
            "account_id": "490228638978",
            "id": "vpc-0575163435eebafe6",
            "region": "eu-west-1"
          },
          "private": "eyJzY2hlbWFfdmVyc2lvbiI6IjEifQ=="
        }
      ]
    },
    {
      "module": "module.mq",
      "mode": "managed",
      "type": "tls_private_key",
      "name": "main",
      "provider": "provider[\"registry.terraform.io/hashicorp/tls\"]",
      "instances": [
        {
          "index_key": 0,
          "schema_version": 1,
          "attributes": {
            "algorithm": "RSA",
            "ecdsa_curve": "P224",
            "id": "6d5268ba2b305fd147f0eb46998496e67196a531",
            "private_key_openssh": "-----BEGIN OPENSSH PRIVATE KEY-----\nb3BlbnNzaC1rZXktdjEAAAAABG5vbmUAAAAEbm9uZQAAAAAAAAABAAABFwAAAAdz\nc2gtcnNhAAAAAwEAAQAAAQEAxkUkSkrIRqj0ej+/uottkdB2N9pFkIGaPv8VD/EE\ndjTt3vCE6hXwzabeYQfTJwhAffErcQWS6HPJ0iRYrqTsyN7AXdHwvp/ETC6QWsf4\nT/wD1duemq7tTFPa8ZYdDmfU5tp6AEPtbF7F/lFCiYpTxHqthSBejc/s7ZGKhVB7\nnMmOlD6QSQA0u4AJB+wFS2f6/bMc6QAE7NIgw29fTGxiMNIt7yCh6tpV1sXiOcZ1\nRhS/x7avUKaLoLdlAxcmhpH4vh8yZnF0VOD1CTu9UnYhdcgRdjtwYmJCUky3Pk91\n7xiveI9DF0mvz3YVdq6Ghzujgnnp2C5fzD2EhhwXTN0d6wAAA7hFgPOsRYDzrAAA\nAAdzc2gtcnNhAAABAQDGRSRKSshGqPR6P7+6i22R0HY32kWQgZo+/xUP8QR2NO3e\n8ITqFfDNpt5hB9MnCEB98StxBZLoc8nSJFiupOzI3sBd0fC+n8RMLpBax/hP/APV\n256aru1MU9rxlh0OZ9Tm2noAQ+1sXsX+UUKJilPEeq2FIF6Nz+ztkYqFUHucyY6U\nPpBJADS7gAkH7AVLZ/r9sxzpAATs0iDDb19MbGIw0i3vIKHq2lXWxeI5xnVGFL/H\ntq9Qpougt2UDFyaGkfi+HzJmcXRU4PUJO71SdiF1yBF2O3BiYkJSTLc+T3XvGK94\nj0MXSa/PdhV2roaHO6OCeenYLl/MPYSGHBdM3R3rAAAAAwEAAQAAAQAvwS2Je1Ob\nuUwROdOLMdP1P/mJYFhLAvxM2hGPomSJuBvnC5Vn8FrsnZmIU2MnTpSCARmOgmIs\n/N6Kb9iwT+b8RrKcpllPAJo+IyT/yJRlZ3ThCKG97g4XyUa904MyGg4sgEjMUZAY\n/wa/R4E4MYoVk9rBatd7Xq5ZVinADG+JhpH6Dnwin+ksGNteHp3K3TAvT5a9R9jS\noszEbbZqQoIFlB+Pe+To4zLby/vJDUFxbD2d1rHj3w3EmXgpoEjN2tE6F7Kqr3wJ\nWNE1Xgg8lsghFa7aM8veZpMr7+LKdk6NYuwsbughr8IJ+P33EqTjUvifUUylXq8c\nOMasn+efekJBAAAAgQC5byjn6swmqjAhP2omQg64ArLvtE/6+OSU74H9PfRqE2Hh\nPSdCat9NClarHJWwZrEsZY4IQo35NnU8BnglcvpoMBbKX6WnHVqOxOmalRspV6Uv\nQ27AtWXe8qCuT8jovhD26yEXE+MTkWl3+9b3dXQU1N1y9l3hwIWJ0VAtQyFT+QAA\nAIEA4rsjcSFtLecKvfA2oIV5ABSgpKoVvtjn2ZplGSSmc2j1Xs+F4Fty2BRMNrOc\nG/wUeENkTQF6XxZ/JMQD8ijK2muiMmX+zSO+dbLSwlexf2B/KCgWpnB1y4EnOgPs\nd2VN5jU5hNIWmblO2IvkEqojp0dC6dYyCzJ1zg+r25eg0AsAAACBAN/dceJu0aW7\nqRX6seiA7TICx/8E1EfSTbQb0JK8o4eqbLVgMXJa+E4k1u4MqPhoi2mOmVNdBgkH\nPWmA1NsZv+69gvjcEY+U1CfjMaref/y6MRaWap9BmF1pUX4pvto3Dokdh5aG2f1L\nL3YiCRIWFfV63xl1hE9dJKSmHBcx+DWhAAAAAAEC\n-----END OPENSSH PRIVATE KEY-----\n",
            "private_key_pem": "-----BEGIN RSA PRIVATE KEY-----\nMIIEpAIBAAKCAQEAxkUkSkrIRqj0ej+/uottkdB2N9pFkIGaPv8VD/EEdjTt3vCE\n6hXwzabeYQfTJwhAffErcQWS6HPJ0iRYrqTsyN7AXdHwvp/ETC6QWsf4T/wD1due\nmq7tTFPa8ZYdDmfU5tp6AEPtbF7F/lFCiYpTxHqthSBejc/s7ZGKhVB7nMmOlD6Q\nSQA0u4AJB+wFS2f6/bMc6QAE7NIgw29fTGxiMNIt7yCh6tpV1sXiOcZ1RhS/x7av\nUKaLoLdlAxcmhpH4vh8yZnF0VOD1CTu9UnYhdcgRdjtwYmJCUky3Pk917xiveI9D\nF0mvz3YVdq6Ghzujgnnp2C5fzD2EhhwXTN0d6wIDAQABAoIBAC/BLYl7U5u5TBE5\n04sx0/U/+YlgWEsC/EzaEY+iZIm4G+cLlWfwWuydmYhTYydOlIIBGY6CYiz83opv\n2LBP5vxGspymWU8Amj4jJP/IlGVndOEIob3uDhfJRr3TgzIaDiyASMxRkBj/Br9H\ngTgxihWT2sFq13terllWKcAMb4mGkfoOfCKf6SwY214encrdMC9Plr1H2NKizMRt\ntmpCggWUH4975OjjMtvL+8kNQXFsPZ3WsePfDcSZeCmgSM3a0ToXsqqvfAlY0TVe\nCDyWyCEVrtozy95mkyvv4sp2To1i7Cxu6CGvwgn4/fcSpONS+J9RTKVerxw4xqyf\n5596QkECgYEA4rsjcSFtLecKvfA2oIV5ABSgpKoVvtjn2ZplGSSmc2j1Xs+F4Fty\n2BRMNrOcG/wUeENkTQF6XxZ/JMQD8ijK2muiMmX+zSO+dbLSwlexf2B/KCgWpnB1\ny4EnOgPsd2VN5jU5hNIWmblO2IvkEqojp0dC6dYyCzJ1zg+r25eg0AsCgYEA391x\n4m7RpbupFfqx6IDtMgLH/wTUR9JNtBvQkryjh6pstWAxclr4TiTW7gyo+GiLaY6Z\nU10GCQc9aYDU2xm/7r2C+NwRj5TUJ+Mxqt5//LoxFpZqn0GYXWlRfim+2jcOiR2H\nlobZ/UsvdiIJEhYV9XrfGXWET10kpKYcFzH4NaECgYEA33qfi4HsEIObxe3AmmYV\nByxNzyBKwMshdA3Huomyey0oNaSNC8B3qV4QZRaSN883Cfc7JN/hE1qkRcPjM8xb\nbgELZWu9Q8wIjhCNxrsTHD8r9pPVB4bvxH/v/zIg4Op8Zv1tTWqaljjd63mve2oy\nLE6EOOJEf17kWRB/T7nb61MCgYAIZIv1ekQf24Y+TbTHy7WYz2PiGrM+shK5suVB\n6xKSboA+2IliCSkP/O+V4yGeloTLg04aQv2L7xqNTwgr4q5AbBhx7gY2hNTjXfAp\nwMe5mN1oRGFg8RuePOmSOkxub+v6lgHUUd/wUBZKboI6jFtsZZvhn3dDZnGOPrAE\n6pmsoQKBgQC5byjn6swmqjAhP2omQg64ArLvtE/6+OSU74H9PfRqE2HhPSdCat9N\nClarHJWwZrEsZY4IQo35NnU8BnglcvpoMBbKX6WnHVqOxOmalRspV6UvQ27AtWXe\n8qCuT8jovhD26yEXE+MTkWl3+9b3dXQU1N1y9l3hwIWJ0VAtQyFT+Q==\n-----END RSA PRIVATE KEY-----\n",
            "private_key_pem_pkcs8": "-----BEGIN PRIVATE KEY-----\nMIIEvgIBADANBgkqhkiG9w0BAQEFAASCBKgwggSkAgEAAoIBAQDGRSRKSshGqPR6\nP7+6i22R0HY32kWQgZo+/xUP8QR2NO3e8ITqFfDNpt5hB9MnCEB98StxBZLoc8nS\nJFiupOzI3sBd0fC+n8RMLpBax/hP/APV256aru1MU9rxlh0OZ9Tm2noAQ+1sXsX+\nUUKJilPEeq2FIF6Nz+ztkYqFUHucyY6UPpBJADS7gAkH7AVLZ/r9sxzpAATs0iDD\nb19MbGIw0i3vIKHq2lXWxeI5xnVGFL/Htq9Qpougt2UDFyaGkfi+HzJmcXRU4PUJ\nO71SdiF1yBF2O3BiYkJSTLc+T3XvGK94j0MXSa/PdhV2roaHO6OCeenYLl/MPYSG\nHBdM3R3rAgMBAAECggEAL8EtiXtTm7lMETnTizHT9T/5iWBYSwL8TNoRj6Jkibgb\n5wuVZ/Ba7J2ZiFNjJ06UggEZjoJiLPzeim/YsE/m/EaynKZZTwCaPiMk/8iUZWd0\n4Qihve4OF8lGvdODMhoOLIBIzFGQGP8Gv0eBODGKFZPawWrXe16uWVYpwAxviYaR\n+g58Ip/pLBjbXh6dyt0wL0+WvUfY0qLMxG22akKCBZQfj3vk6OMy28v7yQ1BcWw9\nndax498NxJl4KaBIzdrROheyqq98CVjRNV4IPJbIIRWu2jPL3maTK+/iynZOjWLs\nLG7oIa/CCfj99xKk41L4n1FMpV6vHDjGrJ/nn3pCQQKBgQDiuyNxIW0t5wq98Dag\nhXkAFKCkqhW+2OfZmmUZJKZzaPVez4XgW3LYFEw2s5wb/BR4Q2RNAXpfFn8kxAPy\nKMraa6IyZf7NI751stLCV7F/YH8oKBamcHXLgSc6A+x3ZU3mNTmE0haZuU7Yi+QS\nqiOnR0Lp1jILMnXOD6vbl6DQCwKBgQDf3XHibtGlu6kV+rHogO0yAsf/BNRH0k20\nG9CSvKOHqmy1YDFyWvhOJNbuDKj4aItpjplTXQYJBz1pgNTbGb/uvYL43BGPlNQn\n4zGq3n/8ujEWlmqfQZhdaVF+Kb7aNw6JHYeWhtn9Sy92IgkSFhX1et8ZdYRPXSSk\nphwXMfg1oQKBgQDfep+LgewQg5vF7cCaZhUHLE3PIErAyyF0Dce6ibJ7LSg1pI0L\nwHepXhBlFpI3zzcJ9zsk3+ETWqRFw+MzzFtuAQtla71DzAiOEI3GuxMcPyv2k9UH\nhu/Ef+//MiDg6nxm/W1NapqWON3rea97ajIsToQ44kR/XuRZEH9PudvrUwKBgAhk\ni/V6RB/bhj5NtMfLtZjPY+Iasz6yErmy5UHrEpJugD7YiWIJKQ/875XjIZ6WhMuD\nThpC/YvvGo1PCCvirkBsGHHuBjaE1ONd8CnAx7mY3WhEYWDxG5486ZI6TG5v6/qW\nAdRR3/BQFkpugjqMW2xlm+Gfd0NmcY4+sATqmayhAoGBALlvKOfqzCaqMCE/aiZC\nDrgCsu+0T/r45JTvgf099GoTYeE9J0Jq300KVqsclbBmsSxljghCjfk2dTwGeCVy\n+mgwFspfpacdWo7E6ZqVGylXpS9DbsC1Zd7yoK5PyOi+EPbrIRcT4xORaXf71vd1\ndBTU3XL2XeHAhYnRUC1DIVP5\n-----END PRIVATE KEY-----\n",
            "public_key_fingerprint_md5": "4b:8b:ad:e8:30:93:bc:cf:ce:0d:a4:1d:ce:99:b5:7d",
            "public_key_fingerprint_sha256": "SHA256:uxhC/sOipe62BbP++A91xN11hqFxOeDCJhNib1wyZmU",
            "public_key_openssh": "ssh-rsa AAAAB3NzaC1yc2EAAAADAQABAAABAQDGRSRKSshGqPR6P7+6i22R0HY32kWQgZo+/xUP8QR2NO3e8ITqFfDNpt5hB9MnCEB98StxBZLoc8nSJFiupOzI3sBd0fC+n8RMLpBax/hP/APV256aru1MU9rxlh0OZ9Tm2noAQ+1sXsX+UUKJilPEeq2FIF6Nz+ztkYqFUHucyY6UPpBJADS7gAkH7AVLZ/r9sxzpAATs0iDDb19MbGIw0i3vIKHq2lXWxeI5xnVGFL/Htq9Qpougt2UDFyaGkfi+HzJmcXRU4PUJO71SdiF1yBF2O3BiYkJSTLc+T3XvGK94j0MXSa/PdhV2roaHO6OCeenYLl/MPYSGHBdM3R3r\n",
            "public_key_pem": "-----BEGIN PUBLIC KEY-----\nMIIBIjANBgkqhkiG9w0BAQEFAAOCAQ8AMIIBCgKCAQEAxkUkSkrIRqj0ej+/uott\nkdB2N9pFkIGaPv8VD/EEdjTt3vCE6hXwzabeYQfTJwhAffErcQWS6HPJ0iRYrqTs\nyN7AXdHwvp/ETC6QWsf4T/wD1duemq7tTFPa8ZYdDmfU5tp6AEPtbF7F/lFCiYpT\nxHqthSBejc/s7ZGKhVB7nMmOlD6QSQA0u4AJB+wFS2f6/bMc6QAE7NIgw29fTGxi\nMNIt7yCh6tpV1sXiOcZ1RhS/x7avUKaLoLdlAxcmhpH4vh8yZnF0VOD1CTu9UnYh\ndcgRdjtwYmJCUky3Pk917xiveI9DF0mvz3YVdq6Ghzujgnnp2C5fzD2EhhwXTN0d\n6wIDAQAB\n-----END PUBLIC KEY-----\n",
            "rsa_bits": 2048
          },
          "sensitive_attributes": [
            [
              {
                "type": "get_attr",
                "value": "private_key_openssh"
              }
            ],
            [
              {
                "type": "get_attr",
                "value": "private_key_pem"
              }
            ],
            [
              {
                "type": "get_attr",
                "value": "private_key_pem_pkcs8"
              }
            ]
          ],
          "identity_schema_version": 0,
          "create_before_destroy": true
        }
      ]
    },
    {
      "module": "module.mq",
      "mode": "managed",
      "type": "tls_self_signed_cert",
      "name": "main",
      "provider": "provider[\"registry.terraform.io/hashicorp/tls\"]",
      "instances": [
        {
          "index_key": 0,
          "schema_version": 0,
          "attributes": {
            "allowed_uses": [
              "key_encipherment",
              "digital_signature",
              "server_auth"
            ],
            "cert_pem": "-----BEGIN CERTIFICATE-----\nMIIDRDCCAiygAwIBAgIRAOUmmll8drjf+QV5h63POpMwDQYJKoZIhvcNAQELBQAw\nNDEYMBYGA1UEChMPTXkgT3JnYW5pemF0aW9uMRgwFgYDVQQDEw9kZXYtbXEuaW50\nZXJuYWwwHhcNMjYwMjAxMTMxNzA3WhcNMjcwMjAxMTMxNzA3WjA0MRgwFgYDVQQK\nEw9NeSBPcmdhbml6YXRpb24xGDAWBgNVBAMTD2Rldi1tcS5pbnRlcm5hbDCCASIw\nDQYJKoZIhvcNAQEBBQADggEPADCCAQoCggEBAMZFJEpKyEao9Ho/v7qLbZHQdjfa\nRZCBmj7/FQ/xBHY07d7whOoV8M2m3mEH0ycIQH3xK3EFkuhzydIkWK6k7MjewF3R\n8L6fxEwukFrH+E/8A9Xbnpqu7UxT2vGWHQ5n1ObaegBD7Wxexf5RQomKU8R6rYUg\nXo3P7O2RioVQe5zJjpQ+kEkANLuACQfsBUtn+v2zHOkABOzSIMNvX0xsYjDSLe8g\noeraVdbF4jnGdUYUv8e2r1Cmi6C3ZQMXJoaR+L4fMmZxdFTg9Qk7vVJ2IXXIEXY7\ncGJiQlJMtz5Pde8Yr3iPQxdJr892FXauhoc7o4J56dguX8w9hIYcF0zdHesCAwEA\nAaNRME8wDgYDVR0PAQH/BAQDAgWgMBMGA1UdJQQMMAoGCCsGAQUFBwMBMAwGA1Ud\nEwEB/wQCMAAwGgYDVR0RBBMwEYIPZGV2LW1xLmludGVybmFsMA0GCSqGSIb3DQEB\nCwUAA4IBAQBovKU1B3YhvIw7kDy9OMUAH3FCUd+u/J1QDWG0efy5RnsRKvzo0iNJ\nP7cDayNV1y5cSJAHLbls4gxYgy/Rvp09DoqscnG+bZDO097iPw2Ld6/ZLhPOMw0Z\nAgGYk07E56p+4lEWE1eGROygN/g4CkR44TXF6P5jc6PTlcr1tD+JnWYmmES+sAfe\n3zjm++FP3pQ/QCMdWI4FHKGvmsV5kAR/WaPR1+ia3+fkgpbRmtRTKkmMdDvCpF1p\n8KUPGMIGspvEbiFcVr3GXhNwVqv4jGOchT+T/NOM+NfcaEorVNAyTjE1hSQxSsVt\n6bSVppbr5/ghJ9SXYw7Yx18+0rgKywIn\n-----END CERTIFICATE-----\n",
            "dns_names": [
              "dev-mq.internal"
            ],
            "early_renewal_hours": 0,
            "id": "304593648896275151983189282497227602579",
            "ip_addresses": null,
            "is_ca_certificate": false,
            "key_algorithm": "RSA",
            "max_path_length": null,
            "private_key_pem": "-----BEGIN RSA PRIVATE KEY-----\nMIIEpAIBAAKCAQEAxkUkSkrIRqj0ej+/uottkdB2N9pFkIGaPv8VD/EEdjTt3vCE\n6hXwzabeYQfTJwhAffErcQWS6HPJ0iRYrqTsyN7AXdHwvp/ETC6QWsf4T/wD1due\nmq7tTFPa8ZYdDmfU5tp6AEPtbF7F/lFCiYpTxHqthSBejc/s7ZGKhVB7nMmOlD6Q\nSQA0u4AJB+wFS2f6/bMc6QAE7NIgw29fTGxiMNIt7yCh6tpV1sXiOcZ1RhS/x7av\nUKaLoLdlAxcmhpH4vh8yZnF0VOD1CTu9UnYhdcgRdjtwYmJCUky3Pk917xiveI9D\nF0mvz3YVdq6Ghzujgnnp2C5fzD2EhhwXTN0d6wIDAQABAoIBAC/BLYl7U5u5TBE5\n04sx0/U/+YlgWEsC/EzaEY+iZIm4G+cLlWfwWuydmYhTYydOlIIBGY6CYiz83opv\n2LBP5vxGspymWU8Amj4jJP/IlGVndOEIob3uDhfJRr3TgzIaDiyASMxRkBj/Br9H\ngTgxihWT2sFq13terllWKcAMb4mGkfoOfCKf6SwY214encrdMC9Plr1H2NKizMRt\ntmpCggWUH4975OjjMtvL+8kNQXFsPZ3WsePfDcSZeCmgSM3a0ToXsqqvfAlY0TVe\nCDyWyCEVrtozy95mkyvv4sp2To1i7Cxu6CGvwgn4/fcSpONS+J9RTKVerxw4xqyf\n5596QkECgYEA4rsjcSFtLecKvfA2oIV5ABSgpKoVvtjn2ZplGSSmc2j1Xs+F4Fty\n2BRMNrOcG/wUeENkTQF6XxZ/JMQD8ijK2muiMmX+zSO+dbLSwlexf2B/KCgWpnB1\ny4EnOgPsd2VN5jU5hNIWmblO2IvkEqojp0dC6dYyCzJ1zg+r25eg0AsCgYEA391x\n4m7RpbupFfqx6IDtMgLH/wTUR9JNtBvQkryjh6pstWAxclr4TiTW7gyo+GiLaY6Z\nU10GCQc9aYDU2xm/7r2C+NwRj5TUJ+Mxqt5//LoxFpZqn0GYXWlRfim+2jcOiR2H\nlobZ/UsvdiIJEhYV9XrfGXWET10kpKYcFzH4NaECgYEA33qfi4HsEIObxe3AmmYV\nByxNzyBKwMshdA3Huomyey0oNaSNC8B3qV4QZRaSN883Cfc7JN/hE1qkRcPjM8xb\nbgELZWu9Q8wIjhCNxrsTHD8r9pPVB4bvxH/v/zIg4Op8Zv1tTWqaljjd63mve2oy\nLE6EOOJEf17kWRB/T7nb61MCgYAIZIv1ekQf24Y+TbTHy7WYz2PiGrM+shK5suVB\n6xKSboA+2IliCSkP/O+V4yGeloTLg04aQv2L7xqNTwgr4q5AbBhx7gY2hNTjXfAp\nwMe5mN1oRGFg8RuePOmSOkxub+v6lgHUUd/wUBZKboI6jFtsZZvhn3dDZnGOPrAE\n6pmsoQKBgQC5byjn6swmqjAhP2omQg64ArLvtE/6+OSU74H9PfRqE2HhPSdCat9N\nClarHJWwZrEsZY4IQo35NnU8BnglcvpoMBbKX6WnHVqOxOmalRspV6UvQ27AtWXe\n8qCuT8jovhD26yEXE+MTkWl3+9b3dXQU1N1y9l3hwIWJ0VAtQyFT+Q==\n-----END RSA PRIVATE KEY-----\n",
            "ready_for_renewal": false,
            "set_authority_key_id": false,
            "set_subject_key_id": false,
            "subject": [
              {
                "common_name": "dev-mq.internal",
                "country": null,
                "email_address": null,
                "locality": null,
                "organization": "My Organization",
                "organizational_unit": null,
                "postal_code": null,
                "province": null,
                "serial_number": null,
                "street_address": null
              }
            ],
            "uris": null,
            "validity_end_time": "2027-02-01T13:17:07.30013Z",
            "validity_period_hours": 8760,
            "validity_start_time": "2026-02-01T13:17:07.30013Z"
          },
          "sensitive_attributes": [
            [
              {
                "type": "get_attr",
                "value": "private_key_pem"
              }
            ]
          ],
          "identity_schema_version": 0,
          "dependencies": [
            "module.mq.tls_private_key.main"
          ],
          "create_before_destroy": true
        }
      ]
    }
  ],
  "check_results": [
    {
      "object_kind": "var",
      "config_addr": "module.mq.var.deployment_mode",
      "status": "pass",
      "objects": [
        {
          "object_addr": "module.mq.var.deployment_mode",
          "status": "pass"
        }
      ]
    },
    {
      "object_kind": "var",
      "config_addr": "module.mq.var.engine_type",
      "status": "pass",
      "objects": [
        {
          "object_addr": "module.mq.var.engine_type",
          "status": "pass"
        }
      ]
    }
  ]
}
